
Microsoft Visual Studio Solution File, Format Version 12.00
# Visual Studio 15
VisualStudioVersion = 15.0.28010.2003
MinimumVisualStudioVersion = 10.0.40219.1
Project("{FAE04EC0-301F-11D3-BF4B-00C04F79EFBC}") = "ZCopy", "BackupUtility\ZCopy.csproj", "{DEF3B5EA-06FE-0167-2923-EE720CE4CC97}"
EndProject
Project("{9A19103F-16F7-4668-BE54-9A1E7A4F7556}") = "ZCopyUnitTester", "ZCopyUnitTester\ZCopyUnitTester.csproj", "{439A61B8-58DD-4A24-87FF-094A4E552045}"
EndProject
Project("{2150E333-8FDC-42A3-9474-1A3956D46DE8}") = "generic", "generic", "{CE0DFA4F-A366-4B72-BBA8-0FD8A6E198AE}"
EndProject
Project("{9A19103F-16F7-4668-BE54-9A1E7A4F7556}") = "GenericClassLibrary", "generic\GenericClassLibrary\GenericClassLibrary.csproj", "{BBCDF61A-E091-4507-80B1-2A5A4D4AABB4}"
EndProject
Project("{9A19103F-16F7-4668-BE54-9A1E7A4F7556}") = "GenericClassLibraryTests", "generic\GenericClassLibraryTests\GenericClassLibraryTests.csproj", "{088B65B7-4744-4187-80DD-BC52BB03B790}"
EndProject
Project("{2150E333-8FDC-42A3-9474-1A3956D46DE8}") = "Solution Items", "Solution Items", "{BCF7AA8F-22E7-4ECC-A8CC-B352BC0D6CA7}"
	ProjectSection(SolutionItems) = preProject
		.travis.yml = .travis.yml
		README.md = README.md
	EndProjectSection
EndProject
Project("{FAE04EC0-301F-11D3-BF4B-00C04F79EFBC}") = "ZCopyTemplateBuilder", "ZCopyTemplateBuilder\ZCopyTemplateBuilder.csproj", "{29C58558-C1AC-421C-843D-A42A66B97C56}"
EndProject
Project("{FAE04EC0-301F-11D3-BF4B-00C04F79EFBC}") = "GenericWPFLibrary", "generic\GenericWPFLibrary\GenericWPFLibrary.csproj", "{60E03DF4-B096-455B-A179-BD2135526A6E}"
EndProject
Global
	GlobalSection(SolutionConfigurationPlatforms) = preSolution
		Debug|Any CPU = Debug|Any CPU
		Release|Any CPU = Release|Any CPU
	EndGlobalSection
	GlobalSection(ProjectConfigurationPlatforms) = postSolution
		{DEF3B5EA-06FE-0167-2923-EE720CE4CC97}.Debug|Any CPU.ActiveCfg = Debug|Any CPU
		{DEF3B5EA-06FE-0167-2923-EE720CE4CC97}.Debug|Any CPU.Build.0 = Debug|Any CPU
		{DEF3B5EA-06FE-0167-2923-EE720CE4CC97}.Release|Any CPU.ActiveCfg = Debug|Any CPU
		{DEF3B5EA-06FE-0167-2923-EE720CE4CC97}.Release|Any CPU.Build.0 = Debug|Any CPU
		{439A61B8-58DD-4A24-87FF-094A4E552045}.Debug|Any CPU.ActiveCfg = Debug|Any CPU
		{439A61B8-58DD-4A24-87FF-094A4E552045}.Debug|Any CPU.Build.0 = Debug|Any CPU
		{439A61B8-58DD-4A24-87FF-094A4E552045}.Release|Any CPU.ActiveCfg = Release|Any CPU
		{439A61B8-58DD-4A24-87FF-094A4E552045}.Release|Any CPU.Build.0 = Release|Any CPU
		{BBCDF61A-E091-4507-80B1-2A5A4D4AABB4}.Debug|Any CPU.ActiveCfg = Debug|Any CPU
		{BBCDF61A-E091-4507-80B1-2A5A4D4AABB4}.Debug|Any CPU.Build.0 = Debug|Any CPU
		{BBCDF61A-E091-4507-80B1-2A5A4D4AABB4}.Release|Any CPU.ActiveCfg = Release|Any CPU
		{BBCDF61A-E091-4507-80B1-2A5A4D4AABB4}.Release|Any CPU.Build.0 = Release|Any CPU
		{088B65B7-4744-4187-80DD-BC52BB03B790}.Debug|Any CPU.ActiveCfg = Debug|Any CPU
		{088B65B7-4744-4187-80DD-BC52BB03B790}.Debug|Any CPU.Build.0 = Debug|Any CPU
		{088B65B7-4744-4187-80DD-BC52BB03B790}.Release|Any CPU.ActiveCfg = Release|Any CPU
		{088B65B7-4744-4187-80DD-BC52BB03B790}.Release|Any CPU.Build.0 = Release|Any CPU
		{29C58558-C1AC-421C-843D-A42A66B97C56}.Debug|Any CPU.ActiveCfg = Debug|Any CPU
		{29C58558-C1AC-421C-843D-A42A66B97C56}.Debug|Any CPU.Build.0 = Debug|Any CPU
		{29C58558-C1AC-421C-843D-A42A66B97C56}.Release|Any CPU.ActiveCfg = Release|Any CPU
		{29C58558-C1AC-421C-843D-A42A66B97C56}.Release|Any CPU.Build.0 = Release|Any CPU
		{60E03DF4-B096-455B-A179-BD2135526A6E}.Debug|Any CPU.ActiveCfg = Debug|Any CPU
		{60E03DF4-B096-455B-A179-BD2135526A6E}.Debug|Any CPU.Build.0 = Debug|Any CPU
		{60E03DF4-B096-455B-A179-BD2135526A6E}.Release|Any CPU.ActiveCfg = Release|Any CPU
		{60E03DF4-B096-455B-A179-BD2135526A6E}.Release|Any CPU.Build.0 = Release|Any CPU
	EndGlobalSection
	GlobalSection(SolutionProperties) = preSolution
		HideSolutionNode = FALSE
	EndGlobalSection
	GlobalSection(NestedProjects) = preSolution
		{BBCDF61A-E091-4507-80B1-2A5A4D4AABB4} = {CE0DFA4F-A366-4B72-BBA8-0FD8A6E198AE}
		{088B65B7-4744-4187-80DD-BC52BB03B790} = {CE0DFA4F-A366-4B72-BBA8-0FD8A6E198AE}
		{60E03DF4-B096-455B-A179-BD2135526A6E} = {CE0DFA4F-A366-4B72-BBA8-0FD8A6E198AE}
	EndGlobalSection
	GlobalSection(ExtensibilityGlobals) = postSolution
		SolutionGuid = {CE48D81D-B0E0-4A1F-BEDC-EF618FA4E1D0}
	EndGlobalSection
EndGlobal
